// !$*UTF8*$!
{
	archiveVersion = 1;
	classes = {
	};
	objectVersion = 56;
	objects = {

/* Begin PBXBuildFile section */
		27AEC6DF2B5E2460006FF4FC /* AppDelegate.swift in Sources */ = {isa = PBXBuildFile; fileRef = 27AEC6DE2B5E2460006FF4FC /* AppDelegate.swift */; };
		27AEC6E12B5E2460006FF4FC /* SceneDelegate.swift in Sources */ = {isa = PBXBuildFile; fileRef = 27AEC6E02B5E2460006FF4FC /* SceneDelegate.swift */; };
		27AEC6E32B5E2460006FF4FC /* ViewController.swift in Sources */ = {isa = PBXBuildFile; fileRef = 27AEC6E22B5E2460006FF4FC /* ViewController.swift */; };
		27AEC6E62B5E2460006FF4FC /* Main.storyboard in Resources */ = {isa = PBXBuildFile; fileRef = 27AEC6E42B5E2460006FF4FC /* Main.storyboard */; };
		27AEC6E82B5E2462006FF4FC /* Assets.xcassets in Resources */ = {isa = PBXBuildFile; fileRef = 27AEC6E72B5E2462006FF4FC /* Assets.xcassets */; };
		27AEC6EB2B5E2462006FF4FC /* LaunchScreen.storyboard in Resources */ = {isa = PBXBuildFile; fileRef = 27AEC6E92B5E2462006FF4FC /* LaunchScreen.storyboard */; };
		27E82B962B5E26ED0010DB61 /* Animation - 1705897766942.json in Resources */ = {isa = PBXBuildFile; fileRef = 27E82B952B5E26ED0010DB61 /* Animation - 1705897766942.json */; };
		CA02777C63D07865348DDEBD /* Pods_Swift_DependencyTool.framework in Frameworks */ = {isa = PBXBuildFile; fileRef = 4100E18050A216AE772472FC /* Pods_Swift_DependencyTool.framework */; };
/* End PBXBuildFile section */

/* Begin PBXFileReference section */
		27AEC6DB2B5E2460006FF4FC /* Swift_DependencyTool.app */ = {isa = PBXFileReference; explicitFileType = wrapper.application; includeInIndex = 0; path = Swift_DependencyTool.app; sourceTree = BUILT_PRODUCTS_DIR; };
		27AEC6DE2B5E2460006FF4FC /* AppDelegate.swift */ = {isa = PBXFileReference; lastKnownFileType = sourcecode.swift; path = AppDelegate.swift; sourceTree = "<group>"; };
		27AEC6E02B5E2460006FF4FC /* SceneDelegate.swift */ = {isa = PBXFileReference; lastKnownFileType = sourcecode.swift; path = SceneDelegate.swift; sourceTree = "<group>"; };
		27AEC6E22B5E2460006FF4FC /* ViewController.swift */ = {isa = PBXFileReference; lastKnownFileType = sourcecode.swift; path = ViewController.swift; sourceTree = "<group>"; };
		27AEC6E52B5E2460006FF4FC /* Base */ = {isa = PBXFileReference; lastKnownFileType = file.storyboard; name = Base; path = Base.lproj/Main.storyboard; sourceTree = "<group>"; };
		27AEC6E72B5E2462006FF4FC /* Assets.xcassets */ = {isa = PBXFileReference; lastKnownFileType = folder.assetcatalog; path = Assets.xcassets; sourceTree = "<group>"; };
		27AEC6EA2B5E2462006FF4FC /* Base */ = {isa = PBXFileReference; lastKnownFileType = file.storyboard; name = Base; path = Base.lproj/LaunchScreen.storyboard; sourceTree = "<group>"; };
		27AEC6EC2B5E2462006FF4FC /* Info.plist */ = {isa = PBXFileReference; lastKnownFileType = text.plist.xml; path = Info.plist; sourceTree = "<group>"; };
		27E82B952B5E26ED0010DB61 /* Animation - 1705897766942.json */ = {isa = PBXFileReference; fileEncoding = 4; lastKnownFileType = text.json; path = "Animation - 1705897766942.json"; sourceTree = "<group>"; };
		4100E18050A216AE772472FC /* Pods_Swift_DependencyTool.framework */ = {isa = PBXFileReference; explicitFileType = wrapper.framework; includeInIndex = 0; path = Pods_Swift_DependencyTool.framework; sourceTree = BUILT_PRODUCTS_DIR; };
		78E3831BFE231772B855E93D /* Pods-Swift_DependencyTool.release.xcconfig */ = {isa = PBXFileReference; includeInIndex = 1; lastKnownFileType = text.xcconfig; name = "Pods-Swift_DependencyTool.release.xcconfig"; path = "Target Support Files/Pods-Swift_DependencyTool/Pods-Swift_DependencyTool.release.xcconfig"; sourceTree = "<group>"; };
		E3B345510706355E91196529 /* Pods-Swift_DependencyTool.debug.xcconfig */ = {isa = PBXFileReference; includeInIndex = 1; lastKnownFileType = text.xcconfig; name = "Pods-Swift_DependencyTool.debug.xcconfig"; path = "Target Support Files/Pods-Swift_DependencyTool/Pods-Swift_DependencyTool.debug.xcconfig"; sourceTree = "<group>"; };
/* End PBXFileReference section */

/* Begin PBXFrameworksBuildPhase section */
		27AEC6D82B5E2460006FF4FC /* Frameworks */ = {
			isa = PBXFrameworksBuildPhase;
			buildActionMask = 2147483647;
			files = (
				CA02777C63D07865348DDEBD /* Pods_Swift_DependencyTool.framework in Frameworks */,
			);
			runOnlyForDeploymentPostprocessing = 0;
		};
/* End PBXFrameworksBuildPhase section */

/* Begin PBXGroup section */
		27AEC6D22B5E2460006FF4FC = {
			isa = PBXGroup;
			children = (
				27AEC6DD2B5E2460006FF4FC /* Swift_DependencyTool */,
				27AEC6DC2B5E2460006FF4FC /* Products */,
				A23EBF0B164A6F1A2ACE0431 /* Pods */,
				75CB415DE9BFD534C2C3EE78 /* Frameworks */,
			);
			sourceTree = "<group>";
		};
		27AEC6DC2B5E2460006FF4FC /* Products */ = {
			isa = PBXGroup;
			children = (
				27AEC6DB2B5E2460006FF4FC /* Swift_DependencyTool.app */,
			);
			name = Products;
			sourceTree = "<group>";
		};
		27AEC6DD2B5E2460006FF4FC /* Swift_DependencyTool */ = {
			isa = PBXGroup;
			children = (
				27AEC6DE2B5E2460006FF4FC /* AppDelegate.swift */,
				27AEC6E02B5E2460006FF4FC /* SceneDelegate.swift */,
				27AEC6E22B5E2460006FF4FC /* ViewController.swift */,
				27AEC6E42B5E2460006FF4FC /* Main.storyboard */,
				27AEC6E72B5E2462006FF4FC /* Assets.xcassets */,
				27E82B952B5E26ED0010DB61 /* Animation - 1705897766942.json */,
				27AEC6E92B5E2462006FF4FC /* LaunchScreen.storyboard */,
				27AEC6EC2B5E2462006FF4FC /* Info.plist */,
			);
			path = Swift_DependencyTool;
			sourceTree = "<group>";
		};
		75CB415DE9BFD534C2C3EE78 /* Frameworks */ = {
			isa = PBXGroup;
			children = (
				4100E18050A216AE772472FC /* Pods_Swift_DependencyTool.framework */,
			);
			name = Frameworks;
			sourceTree = "<group>";
		};
		A23EBF0B164A6F1A2ACE0431 /* Pods */ = {
			isa = PBXGroup;
			children = (
				E3B345510706355E91196529 /* Pods-Swift_DependencyTool.debug.xcconfig */,
				78E3831BFE231772B855E93D /* Pods-Swift_DependencyTool.release.xcconfig */,
			);
			path = Pods;
			sourceTree = "<group>";
		};
/* End PBXGroup section */

/* Begin PBXNativeTarget section */
		27AEC6DA2B5E2460006FF4FC /* Swift_DependencyTool */ = {
			isa = PBXNativeTarget;
			buildConfigurationList = 27AEC6EF2B5E2462006FF4FC /* Build configuration list for PBXNativeTarget "Swift_DependencyTool" */;
			buildPhases = (
				2252265E80FE0D7A5E76F626 /* [CP] Check Pods Manifest.lock */,
				27AEC6D72B5E2460006FF4FC /* Sources */,
				27AEC6D82B5E2460006FF4FC /* Frameworks */,
				27AEC6D92B5E2460006FF4FC /* Resources */,
				A7A3EA0C9A06D175F9F9B277 /* [CP] Embed Pods Frameworks */,
			);
			buildRules = (
			);
			dependencies = (
			);
			name = Swift_DependencyTool;
			productName = Swift_DependencyTool;
			productReference = 27AEC6DB2B5E2460006FF4FC /* Swift_DependencyTool.app */;
			productType = "com.apple.product-type.application";
		};
/* End PBXNativeTarget section */

/* Begin PBXProject section */
		27AEC6D32B5E2460006FF4FC /* Project object */ = {
			isa = PBXProject;
			attributes = {
				BuildIndependentTargetsInParallel = 1;
				LastSwiftUpdateCheck = 1520;
				LastUpgradeCheck = 1520;
				TargetAttributes = {
					27AEC6DA2B5E2460006FF4FC = {
						CreatedOnToolsVersion = 15.2;
					};
				};
			};
			buildConfigurationList = 27AEC6D62B5E2460006FF4FC /* Build configuration list for PBXProject "Swift_DependencyTool" */;
			compatibilityVersion = "Xcode 14.0";
			developmentRegion = en;
			hasScannedForEncodings = 0;
			knownRegions = (
				en,
				Base,
			);
			mainGroup = 27AEC6D22B5E2460006FF4FC;
			productRefGroup = 27AEC6DC2B5E2460006FF4FC /* Products */;
			projectDirPath = "";
			projectRoot = "";
			targets = (
				27AEC6DA2B5E2460006FF4FC /* Swift_DependencyTool */,
			);
		};
/* End PBXProject section */

/* Begin PBXResourcesBuildPhase section */
		27AEC6D92B5E2460006FF4FC /* Resources */ = {
			isa = PBXResourcesBuildPhase;
			buildActionMask = 2147483647;
			files = (
				27AEC6EB2B5E2462006FF4FC /* LaunchScreen.storyboard in Resources */,
				27AEC6E82B5E2462006FF4FC /* Assets.xcassets in Resources */,
				27E82B962B5E26ED0010DB61 /* Animation - 1705897766942.json in Resources */,
				27AEC6E62B5E2460006FF4FC /* Main.storyboard in Resources */,
			);
			runOnlyForDeploymentPostprocessing = 0;
		};
/* End PBXResourcesBuildPhase section */

/* Begin PBXShellScriptBuildPhase section */
		2252265E80FE0D7A5E76F626 /* [CP] Check Pods Manifest.lock */ = {
			isa = PBXShellScriptBuildPhase;
			buildActionMask = 2147483647;
			files = (
			);
			inputFileListPaths = (
			);
			inputPaths = (
				"${PODS_PODFILE_DIR_PATH}/Podfile.lock",
				"${PODS_ROOT}/Manifest.lock",
			);
			name = "[CP] Check Pods Manifest.lock";
			outputFileListPaths = (
			);
			outputPaths = (
				"$(DERIVED_FILE_DIR)/Pods-Swift_DependencyTool-checkManifestLockResult.txt",
			);
			runOnlyForDeploymentPostprocessing = 0;
			shellPath = /bin/sh;
			shellScript = "diff \"${PODS_PODFILE_DIR_PATH}/Podfile.lock\" \"${PODS_ROOT}/Manifest.lock\" > /dev/null\nif [ $? != 0 ] ; then\n    # print error to STDERR\n    echo \"error: The sandbox is not in sync with the Podfile.lock. Run 'pod install' or update your CocoaPods installation.\" >&2\n    exit 1\nfi\n# This output is used by Xcode 'outputs' to avoid re-running this script phase.\necho \"SUCCESS\" > \"${SCRIPT_OUTPUT_FILE_0}\"\n";
			showEnvVarsInLog = 0;
		};
		A7A3EA0C9A06D175F9F9B277 /* [CP] Embed Pods Frameworks */ = {
			isa = PBXShellScriptBuildPhase;
			buildActionMask = 2147483647;
			files = (
			);
			inputFileListPaths = (
				"${PODS_ROOT}/Target Support Files/Pods-Swift_DependencyTool/Pods-Swift_DependencyTool-frameworks-${CONFIGURATION}-input-files.xcfilelist",
			);
			name = "[CP] Embed Pods Frameworks";
			outputFileListPaths = (
				"${PODS_ROOT}/Target Support Files/Pods-Swift_DependencyTool/Pods-Swift_DependencyTool-frameworks-${CONFIGURATION}-output-files.xcfilelist",
			);
			runOnlyForDeploymentPostprocessing = 0;
			shellPath = /bin/sh;
			shellScript = "\"${PODS_ROOT}/Target Support Files/Pods-Swift_DependencyTool/Pods-Swift_DependencyTool-frameworks.sh\"\n";
			showEnvVarsInLog = 0;
		};
/* End PBXShellScriptBuildPhase section */

/* Begin PBXSourcesBuildPhase section */
		27AEC6D72B5E2460006FF4FC /* Sources */ = {
			isa = PBXSourcesBuildPhase;
			buildActionMask = 2147483647;
			files = (
				27AEC6E32B5E2460006FF4FC /* ViewController.swift in Sources */,
				27AEC6DF2B5E2460006FF4FC /* AppDelegate.swift in Sources */,
				27AEC6E12B5E2460006FF4FC /* SceneDelegate.swift in Sources */,
			);
			runOnlyForDeploymentPostprocessing = 0;
		};
/* End PBXSourcesBuildPhase section */

/* Begin PBXVariantGroup section */
		27AEC6E42B5E2460006FF4FC /* Main.storyboard */ = {
			isa = PBXVariantGroup;
			children = (
				27AEC6E52B5E2460006FF4FC /* Base */,
			);
			name = Main.storyboard;
			sourceTree = "<group>";
		};
		27AEC6E92B5E2462006FF4FC /* LaunchScreen.storyboard */ = {
			isa = PBXVariantGroup;
			children = (
				27AEC6EA2B5E2462006FF4FC /* Base */,
			);
			name = LaunchScreen.storyboard;
			sourceTree = "<group>";
		};
/* End PBXVariantGroup section */

/* Begin XCBuildConfiguration section */
		27AEC6ED2B5E2462006FF4FC /* Debug */ = {
			isa = XCBuildConfiguration;
			buildSettings = {
				ALWAYS_SEARCH_USER_PATHS = NO;
				ASSETCATALOG_COMPILER_GENERATE_SWIFT_ASSET_SYMBOL_EXTENSIONS = YES;
				CLANG_ANALYZER_NONNULL = YES;
				CLANG_ANALYZER_NUMBER_OBJECT_CONVERSION = YES_AGGRESSIVE;
				CLANG_CXX_LANGUAGE_STANDARD = "gnu++20";
				CLANG_ENABLE_MODULES = YES;
				CLANG_ENABLE_OBJC_ARC = YES;
				CLANG_ENABLE_OBJC_WEAK = YES;
				CLANG_WARN_BLOCK_CAPTURE_AUTORELEASING = YES;
				CLANG_WARN_BOOL_CONVERSION = YES;
				CLANG_WARN_COMMA = YES;
				CLANG_WARN_CONSTANT_CONVERSION = YES;
				CLANG_WARN_DEPRECATED_OBJC_IMPLEMENTATIONS = YES;
				CLANG_WARN_DIRECT_OBJC_ISA_USAGE = YES_ERROR;
				CLANG_WARN_DOCUMENTATION_COMMENTS = YES;
				CLANG_WARN_EMPTY_BODY = YES;
				CLANG_WARN_ENUM_CONVERSION = YES;
				CLANG_WARN_INFINITE_RECURSION = YES;
				CLANG_WARN_INT_CONVERSION = YES;
				CLANG_WARN_NON_LITERAL_NULL_CONVERSION = YES;
				CLANG_WARN_OBJC_IMPLICIT_RETAIN_SELF = YES;
				CLANG_WARN_OBJC_LITERAL_CONVERSION = YES;
				CLANG_WARN_OBJC_ROOT_CLASS = YES_ERROR;
				CLANG_WARN_QUOTED_INCLUDE_IN_FRAMEWORK_HEADER = YES;
				CLANG_WARN_RANGE_LOOP_ANALYSIS = YES;
				CLANG_WARN_STRICT_PROTOTYPES = YES;
				CLANG_WARN_SUSPICIOUS_MOVE = YES;
				CLANG_WARN_UNGUARDED_AVAILABILITY = YES_AGGRESSIVE;
				CLANG_WARN_UNREACHABLE_CODE = YES;
				CLANG_WARN__DUPLICATE_METHOD_MATCH = YES;
				COPY_PHASE_STRIP = NO;
				DEBUG_INFORMATION_FORMAT = dwarf;
				ENABLE_STRICT_OBJC_MSGSEND = YES;
				ENABLE_TESTABILITY = YES;
				ENABLE_USER_SCRIPT_SANDBOXING = NO;
				GCC_C_LANGUAGE_STANDARD = gnu17;
				GCC_DYNAMIC_NO_PIC = NO;
				GCC_NO_COMMON_BLOCKS = YES;
				GCC_OPTIMIZATION_LEVEL = 0;
				GCC_PREPROCESSOR_DEFINITIONS = (
					"DEBUG=1",
					"$(inherited)",
				);
				GCC_WARN_64_TO_32_BIT_CONVERSION = YES;
				GCC_WARN_ABOUT_RETURN_TYPE = YES_ERROR;
				GCC_WARN_UNDECLARED_SELECTOR = YES;
				GCC_WARN_UNINITIALIZED_AUTOS = YES_AGGRESSIVE;
				GCC_WARN_UNUSED_FUNCTION = YES;
				GCC_WARN_UNUSED_VARIABLE = YES;
				IPHONEOS_DEPLOYMENT_TARGET = 17.2;
				LOCALIZATION_PREFERS_STRING_CATALOGS = YES;
				MTL_ENABLE_DEBUG_INFO = INCLUDE_SOURCE;
				MTL_FAST_MATH = YES;
				ONLY_ACTIVE_ARCH = YES;
				SDKROOT = iphoneos;
				SWIFT_ACTIVE_COMPILATION_CONDITIONS = "DEBUG $(inherited)";
				SWIFT_OPTIMIZATION_LEVEL = "-Onone";
			};
			name = Debug;
		};
		27AEC6EE2B5E2462006FF4FC /* Release */ = {
			isa = XCBuildConfiguration;
			buildSettings = {
				ALWAYS_SEARCH_USER_PATHS = NO;
				ASSETCATALOG_COMPILER_GENERATE_SWIFT_ASSET_SYMBOL_EXTENSIONS = YES;
				CLANG_ANALYZER_NONNULL = YES;
				CLANG_ANALYZER_NUMBER_OBJECT_CONVERSION = YES_AGGRESSIVE;
				CLANG_CXX_LANGUAGE_STANDARD = "gnu++20";
				CLANG_ENABLE_MODULES = YES;
				CLANG_ENABLE_OBJC_ARC = YES;
				CLANG_ENABLE_OBJC_WEAK = YES;
				CLANG_WARN_BLOCK_CAPTURE_AUTORELEASING = YES;
				CLANG_WARN_BOOL_CONVERSION = YES;
				CLANG_WARN_COMMA = YES;
				CLANG_WARN_CONSTANT_CONVERSION = YES;
				CLANG_WARN_DEPRECATED_OBJC_IMPLEMENTATIONS = YES;
				CLANG_WARN_DIRECT_OBJC_ISA_USAGE = YES_ERROR;
				CLANG_WARN_DOCUMENTATION_COMMENTS = YES;
				CLANG_WARN_EMPTY_BODY = YES;
				CLANG_WARN_ENUM_CONVERSION = YES;
				CLANG_WARN_INFINITE_RECURSION = YES;
				CLANG_WARN_INT_CONVERSION = YES;
				CLANG_WARN_NON_LITERAL_NULL_CONVERSION = YES;
				CLANG_WARN_OBJC_IMPLICIT_RETAIN_SELF = YES;
				CLANG_WARN_OBJC_LITERAL_CONVERSION = YES;
				CLANG_WARN_OBJC_ROOT_CLASS = YES_ERROR;
				CLANG_WARN_QUOTED_INCLUDE_IN_FRAMEWORK_HEADER = YES;
				CLANG_WARN_RANGE_LOOP_ANALYSIS = YES;
				CLANG_WARN_STRICT_PROTOTYPES = YES;
				CLANG_WARN_SUSPICIOUS_MOVE = YES;
				CLANG_WARN_UNGUARDED_AVAILABILITY = YES_AGGRESSIVE;
				CLANG_WARN_UNREACHABLE_CODE = YES;
				CLANG_WARN__DUPLICATE_METHOD_MATCH = YES;
				COPY_PHASE_STRIP = NO;
				DEBUG_INFORMATION_FORMAT = "dwarf-with-dsym";
				ENABLE_NS_ASSERTIONS = NO;
				ENABLE_STRICT_OBJC_MSGSEND = YES;
				ENABLE_USER_SCRIPT_SANDBOXING = NO;
				GCC_C_LANGUAGE_STANDARD = gnu17;
				GCC_NO_COMMON_BLOCKS = YES;
				GCC_WARN_64_TO_32_BIT_CONVERSION = YES;
				GCC_WARN_ABOUT_RETURN_TYPE = YES_ERROR;
				GCC_WARN_UNDECLARED_SELECTOR = YES;
				GCC_WARN_UNINITIALIZED_AUTOS = YES_AGGRESSIVE;
				GCC_WARN_UNUSED_FUNCTION = YES;
				GCC_WARN_UNUSED_VARIABLE = YES;
				IPHONEOS_DEPLOYMENT_TARGET = 17.2;
				LOCALIZATION_PREFERS_STRING_CATALOGS = YES;
				MTL_ENABLE_DEBUG_INFO = NO;
				MTL_FAST_MATH = YES;
				SDKROOT = iphoneos;
				SWIFT_COMPILATION_MODE = wholemodule;
				VALIDATE_PRODUCT = YES;
			};
			name = Release;
		};
		27AEC6F02B5E2462006FF4FC /* Debug */ = {
			isa = XCBuildConfiguration;
			baseConfigurationReference = E3B345510706355E91196529 /* Pods-Swift_DependencyTool.debug.xcconfig */;
			buildSettings = {
				ASSETCATALOG_COMPILER_APPICON_NAME = AppIcon;
				ASSETCATALOG_COMPILER_GLOBAL_ACCENT_COLOR_NAME = AccentColor;
				CODE_SIGN_STYLE = Automatic;
				CURRENT_PROJECT_VERSION = 1;
				DEVELOPMENT_TEAM = K9NKZR257N;
				GENERATE_INFOPLIST_FILE = YES;
				INFOPLIST_FILE = Swift_DependencyTool/Info.plist;
				INFOPLIST_KEY_UIApplicationSupportsIndirectInputEvents = YES;
				INFOPLIST_KEY_UILaunchStoryboardName = LaunchScreen;
				INFOPLIST_KEY_UIMainStoryboardFile = Main;
				INFOPLIST_KEY_UISupportedInterfaceOrientations_iPad = "UIInterfaceOrientationPortrait UIInterfaceOrientationPortraitUpsideDown UIInterfaceOrientationLandscapeLeft UIInterfaceOrientationLandscapeRight";
				INFOPLIST_KEY_UISupportedInterfaceOrientations_iPhone = "UIInterfaceOrientationPortrait UIInterfaceOrientationLandscapeLeft UIInterfaceOrientationLandscapeRight";
				LD_RUNPATH_SEARCH_PATHS = (
					"$(inherited)",
					"@executable_path/Frameworks",
				);
				MARKETING_VERSION = 1.0;
				PRODUCT_BUNDLE_IDENTIFIER = "changhyun-kyle.Swift-DependencyTool";
				PRODUCT_NAME = "$(TARGET_NAME)";
				SWIFT_EMIT_LOC_STRINGS = YES;
				SWIFT_VERSION = 5.0;
				TARGETED_DEVICE_FAMILY = "1,2";
			};
			name = Debug;
		};
		27AEC6F12B5E2462006FF4FC /* Release */ = {
			isa = XCBuildConfiguration;
			baseConfigurationReference = 78E3831BFE231772B855E93D /* Pods-Swift_DependencyTool.release.xcconfig */;
			buildSettings = {
				ASSETCATALOG_COMPILER_APPICON_NAME = AppIcon;
				ASSETCATALOG_COMPILER_GLOBAL_ACCENT_COLOR_NAME = AccentColor;
				CODE_SIGN_STYLE = Automatic;
				CURRENT_PROJECT_VERSION = 1;
				DEVELOPMENT_TEAM = K9NKZR257N;
				GENERATE_INFOPLIST_FILE = YES;
				INFOPLIST_FILE = Swift_DependencyTool/Info.plist;
				INFOPLIST_KEY_UIApplicationSupportsIndirectInputEvents = YES;
				INFOPLIST_KEY_UILaunchStoryboardName = LaunchScreen;
				INFOPLIST_KEY_UIMainStoryboardFile = Main;
				INFOPLIST_KEY_UISupportedInterfaceOrientations_iPad = "UIInterfaceOrientationPortrait UIInterfaceOrientationPortraitUpsideDown UIInterfaceOrientationLandscapeLeft UIInterfaceOrientationLandscapeRight";
				INFOPLIST_KEY_UISupportedInterfaceOrientations_iPhone = "UIInterfaceOrientationPortrait UIInterfaceOrientationLandscapeLeft UIInterfaceOrientationLandscapeRight";
				LD_RUNPATH_SEARCH_PATHS = (
					"$(inherited)",
					"@executable_path/Frameworks",
				);
				MARKETING_VERSION = 1.0;
				PRODUCT_BUNDLE_IDENTIFIER = "changhyun-kyle.Swift-DependencyTool";
				PRODUCT_NAME = "$(TARGET_NAME)";
				SWIFT_EMIT_LOC_STRINGS = YES;
				SWIFT_VERSION = 5.0;
				TARGETED_DEVICE_FAMILY = "1,2";
			};
			name = Release;
		};
/* End XCBuildConfiguration section */

/* Begin XCConfigurationList section */
		27AEC6D62B5E2460006FF4FC /* Build configuration list for PBXProject "Swift_DependencyTool" */ = {
			isa = XCConfigurationList;
			buildConfigurations = (
				27AEC6ED2B5E2462006FF4FC /* Debug */,
				27AEC6EE2B5E2462006FF4FC /* Release */,
			);
			defaultConfigurationIsVisible = 0;
			defaultConfigurationName = Release;
		};
		27AEC6EF2B5E2462006FF4FC /* Build configuration list for PBXNativeTarget "Swift_DependencyTool" */ = {
			isa = XCConfigurationList;
			buildConfigurations = (
				27AEC6F02B5E2462006FF4FC /* Debug */,
				27AEC6F12B5E2462006FF4FC /* Release */,
			);
			defaultConfigurationIsVisible = 0;
			defaultConfigurationName = Release;
		};
/* End XCConfigurationList section */
	};
	rootObject = 27AEC6D32B5E2460006FF4FC /* Project object */;
}
